PODS:
  - Alamofire (4.6.0)
  - Alamofire-Synchronous (4.0.0):
    - Alamofire (~> 4.0)
  - AwaitKit (3.0.1):
    - PromiseKit (~> 4.2)
  - BigInt (3.0.1):
    - SipHash (~> 1.2)
  - CryptoSwift (0.8.2)
  - libsodium (1.0.12)
  - PromiseKit (4.5.2):
    - PromiseKit/Foundation (= 4.5.2)
    - PromiseKit/QuartzCore (= 4.5.2)
    - PromiseKit/UIKit (= 4.5.2)
  - PromiseKit/CorePromise (4.5.2)
  - PromiseKit/Foundation (4.5.2):
    - PromiseKit/CorePromise
  - PromiseKit/QuartzCore (4.5.2):
    - PromiseKit/CorePromise
  - PromiseKit/UIKit (4.5.2):
    - PromiseKit/CorePromise
  - secp256k1_ios (0.1.1)
  - SipHash (1.2.0)
  - web3swift (0.2.12):
    - Alamofire (~> 4.5)
    - Alamofire-Synchronous (~> 4.0)
    - BigInt (~> 3.0.1)
    - CryptoSwift
    - libsodium
    - secp256k1_ios (~> 0.1.1)
  - WKBridge (0.2.4)

DEPENDENCIES:
  - AwaitKit (~> 3.0.1)
  - PromiseKit (~> 4.4)
  - web3swift (from `https://github.com/bankex/web3swift.git`)
  - WKBridge

EXTERNAL SOURCES:
  web3swift:
    :git: https://github.com/bankex/web3swift.git

CHECKOUT OPTIONS:
  web3swift:
    :commit: 0016d247f6f8fe8638da57bf3d360e55770b92f6
    :git: https://github.com/bankex/web3swift.git

SPEC CHECKSUMS:
  Alamofire: f41a599bd63041760b26d393ec1069d9d7b917f4
  Alamofire-Synchronous: eedf1e6e961c3795a63c74990b3f7d9fbfac7e50
  AwaitKit: daf1af84544413a8dfadb4fc25d8b0f9706e5c83
  BigInt: 8e8a52161c745cd3ab78e3dc346a9fbee51e6cf6
  CryptoSwift: 6b90cb3227de5ad1b034a0156f5c027399aea60c
  libsodium: 9a8faa5ef2fa0d2d57bd7f7d79bf8fb7c1a9f0ea
  PromiseKit: 743e497a5f505a470d3bbbf4ce0663c1268af0a4
  secp256k1_ios: 3c94e6cce14ff03924cb6dc10c5017f17011b79d
  SipHash: c6e9e43e9c531b5bc6602545130c26194a6d31ce
  web3swift: da94e170b81b9261f44a0327a2d5414be421517a
  WKBridge: 677fc36b9a9e4a80b6f9c4e915480d8fd91f5ad5

PODFILE CHECKSUM: 63e9b575f7fea5dbaf1aab718668652cef4218ab

COCOAPODS: 1.4.0
